%{"combine": {:hex, :combine, "0.5.2"},
  "exjsx": {:hex, :exjsx, "3.1.0"},
  "hackney": {:hex, :hackney, "1.3.1"},
  "httpoison": {:hex, :httpoison, "0.7.2"},
  "idna": {:hex, :idna, "1.0.2"},
  "jsx": {:hex, :jsx, "2.4.0"},
  "meck": {:hex, :meck, "0.8.3"},
  "pavlov": {:hex, :pavlov, "0.2.3"},
  "poison": {:hex, :poison, "1.5.0"},
  "slack": {:hex, :slack, "0.2.0"},
  "ssl_verify_hostname": {:hex, :ssl_verify_hostname, "1.0.5"},
  "timex": {:hex, :timex, "0.17.0"},
  "tzdata": {:hex, :tzdata, "0.1.7"},
  "websocket_client": {:git, "https://github.com/jeremyong/websocket_client", "f6892c8b55004008ce2d52be7d98b156f3e34569", []}}
